
Microsoft Visual Studio Solution File, Format Version 12.00
# Visual Studio 15
VisualStudioVersion = 15.0.28307.645
MinimumVisualStudioVersion = 10.0.40219.1
Project("{8BC9CEB8-8B4A-11D0-8D11-00A0C91BC942}") = "sample00", "sample00\sample00.vcxproj", "{FC17DE34-135B-45F9-BA32-E736F2475D16}"
EndProject
Global
	GlobalSection(SolutionConfigurationPlatforms) = preSolution
		Debug|x64 = Debug|x64
		Debug|x86 = Debug|x86
		Release|x64 = Release|x64
		Release|x86 = Release|x86
	EndGlobalSection
	GlobalSection(ProjectConfigurationPlatforms) = postSolution
		{FC17DE34-135B-45F9-BA32-E736F2475D16}.Debug|x64.ActiveCfg = Debug|x64
		{FC17DE34-135B-45F9-BA32-E736F2475D16}.Debug|x64.Build.0 = Debug|x64
		{FC17DE34-135B-45F9-BA32-E736F2475D16}.Debug|x86.ActiveCfg = Debug|Win32
		{FC17DE34-135B-45F9-BA32-E736F2475D16}.Debug|x86.Build.0 = Debug|Win32
		{FC17DE34-135B-45F9-BA32-E736F2475D16}.Release|x64.ActiveCfg = Release|x64
		{FC17DE34-135B-45F9-BA32-E736F2475D16}.Release|x64.Build.0 = Release|x64
		{FC17DE34-135B-45F9-BA32-E736F2475D16}.Release|x86.ActiveCfg = Release|Win32
		{FC17DE34-135B-45F9-BA32-E736F2475D16}.Release|x86.Build.0 = Release|Win32
	EndGlobalSection
	GlobalSection(SolutionProperties) = preSolution
		HideSolutionNode = FALSE
	EndGlobalSection
	GlobalSection(ExtensibilityGlobals) = postSolution
		SolutionGuid = {75BA7CFA-0773-41AC-B661-1DE1CC71FA9D}
	EndGlobalSection
EndGlobal
